// !$*UTF8*$!
{
	archiveVersion = 1;
	classes = {
	};
	objectVersion = 46;
	objects = {

/* Begin PBXBuildFile section */
		41BC84071A85CEAC00337F35 /* MovieTableViewCell.m in Sources */ = {isa = PBXBuildFile; fileRef = 41BC84051A85CEAC00337F35 /* MovieTableViewCell.m */; };
		41BC84081A85CEAC00337F35 /* MovieTableViewCell.xib in Resources */ = {isa = PBXBuildFile; fileRef = 41BC84061A85CEAC00337F35 /* MovieTableViewCell.xib */; };
		41BC84151A85DD4B00337F35 /* MovieDetailViewController.m in Sources */ = {isa = PBXBuildFile; fileRef = 41BC84131A85DD4B00337F35 /* MovieDetailViewController.m */; };
		41BC84161A85DD4B00337F35 /* MovieDetailViewController.xib in Resources */ = {isa = PBXBuildFile; fileRef = 41BC84141A85DD4B00337F35 /* MovieDetailViewController.xib */; };
		41CB79291A848E82004C06A5 /* main.m in Sources */ = {isa = PBXBuildFile; fileRef = 41CB79281A848E82004C06A5 /* main.m */; };
		41CB792C1A848E82004C06A5 /* AppDelegate.m in Sources */ = {isa = PBXBuildFile; fileRef = 41CB792B1A848E82004C06A5 /* AppDelegate.m */; };
		41CB79341A848E82004C06A5 /* Images.xcassets in Resources */ = {isa = PBXBuildFile; fileRef = 41CB79331A848E82004C06A5 /* Images.xcassets */; };
		41CB79371A848E82004C06A5 /* LaunchScreen.xib in Resources */ = {isa = PBXBuildFile; fileRef = 41CB79351A848E82004C06A5 /* LaunchScreen.xib */; };
		41CB79431A848E82004C06A5 /* Rotten_TomatoesTests.m in Sources */ = {isa = PBXBuildFile; fileRef = 41CB79421A848E82004C06A5 /* Rotten_TomatoesTests.m */; };
		41CB794F1A8493E8004C06A5 /* MoviesViewController.m in Sources */ = {isa = PBXBuildFile; fileRef = 41CB794D1A8493E8004C06A5 /* MoviesViewController.m */; };
		41CB79501A8493E8004C06A5 /* MoviesViewController.xib in Resources */ = {isa = PBXBuildFile; fileRef = 41CB794E1A8493E8004C06A5 /* MoviesViewController.xib */; };
		41CB79531A858716004C06A5 /* SaratUtils.m in Sources */ = {isa = PBXBuildFile; fileRef = 41CB79521A858716004C06A5 /* SaratUtils.m */; };
		E52E35FE92373C6E07CF458C /* libPods.a in Frameworks */ = {isa = PBXBuildFile; fileRef = 876D4A6B542AFF533C9CF8FF /* libPods.a */; };
/* End PBXBuildFile section */

/* Begin PBXContainerItemProxy section */
		41CB793D1A848E82004C06A5 /* PBXContainerItemProxy */ = {
			isa = PBXContainerItemProxy;
			containerPortal = 41CB791B1A848E82004C06A5 /* Project object */;
			proxyType = 1;
			remoteGlobalIDString = 41CB79221A848E82004C06A5;
			remoteInfo = "Rotten Tomatoes";
		};
/* End PBXContainerItemProxy section */

/* Begin PBXFileReference section */
		404A1A926FD63A3354EE776D /* Pods.release.xcconfig */ = {isa = PBXFileReference; includeInIndex = 1; lastKnownFileType = text.xcconfig; name = Pods.release.xcconfig; path = "Pods/Target Support Files/Pods/Pods.release.xcconfig"; sourceTree = "<group>"; };
		41BC84041A85CEAC00337F35 /* MovieTableViewCell.h */ = {isa = PBXFileReference; fileEncoding = 4; lastKnownFileType = sourcecode.c.h; path = MovieTableViewCell.h; sourceTree = "<group>"; };
		41BC84051A85CEAC00337F35 /* MovieTableViewCell.m */ = {isa = PBXFileReference; fileEncoding = 4; lastKnownFileType = sourcecode.c.objc; path = MovieTableViewCell.m; sourceTree = "<group>"; };
		41BC84061A85CEAC00337F35 /* MovieTableViewCell.xib */ = {isa = PBXFileReference; fileEncoding = 4; lastKnownFileType = file.xib; path = MovieTableViewCell.xib; sourceTree = "<group>"; };
		41BC84121A85DD4B00337F35 /* MovieDetailViewController.h */ = {isa = PBXFileReference; fileEncoding = 4; lastKnownFileType = sourcecode.c.h; path = MovieDetailViewController.h; sourceTree = "<group>"; };
		41BC84131A85DD4B00337F35 /* MovieDetailViewController.m */ = {isa = PBXFileReference; fileEncoding = 4; lastKnownFileType = sourcecode.c.objc; path = MovieDetailViewController.m; sourceTree = "<group>"; };
		41BC84141A85DD4B00337F35 /* MovieDetailViewController.xib */ = {isa = PBXFileReference; fileEncoding = 4; lastKnownFileType = file.xib; path = MovieDetailViewController.xib; sourceTree = "<group>"; };
		41CB79231A848E82004C06A5 /* Rotten Tomatoes.app */ = {isa = PBXFileReference; explicitFileType = wrapper.application; includeInIndex = 0; path = "Rotten Tomatoes.app"; sourceTree = BUILT_PRODUCTS_DIR; };
		41CB79271A848E82004C06A5 /* Info.plist */ = {isa = PBXFileReference; lastKnownFileType = text.plist.xml; path = Info.plist; sourceTree = "<group>"; };
		41CB79281A848E82004C06A5 /* main.m */ = {isa = PBXFileReference; lastKnownFileType = sourcecode.c.objc; path = main.m; sourceTree = "<group>"; };
		41CB792A1A848E82004C06A5 /* AppDelegate.h */ = {isa = PBXFileReference; lastKnownFileType = sourcecode.c.h; path = AppDelegate.h; sourceTree = "<group>"; };
		41CB792B1A848E82004C06A5 /* AppDelegate.m */ = {isa = PBXFileReference; lastKnownFileType = sourcecode.c.objc; path = AppDelegate.m; sourceTree = "<group>"; };
		41CB79331A848E82004C06A5 /* Images.xcassets */ = {isa = PBXFileReference; lastKnownFileType = folder.assetcatalog; path = Images.xcassets; sourceTree = "<group>"; };
		41CB79361A848E82004C06A5 /* Base */ = {isa = PBXFileReference; lastKnownFileType = file.xib; name = Base; path = Base.lproj/LaunchScreen.xib; sourceTree = "<group>"; };
		41CB793C1A848E82004C06A5 /* Rotten TomatoesTests.xctest */ = {isa = PBXFileReference; explicitFileType = wrapper.cfbundle; includeInIndex = 0; path = "Rotten TomatoesTests.xctest"; sourceTree = BUILT_PRODUCTS_DIR; };
		41CB79411A848E82004C06A5 /* Info.plist */ = {isa = PBXFileReference; lastKnownFileType = text.plist.xml; path = Info.plist; sourceTree = "<group>"; };
		41CB79421A848E82004C06A5 /* Rotten_TomatoesTests.m */ = {isa = PBXFileReference; lastKnownFileType = sourcecode.c.objc; path = Rotten_TomatoesTests.m; sourceTree = "<group>"; };
		41CB794C1A8493E8004C06A5 /* MoviesViewController.h */ = {isa = PBXFileReference; fileEncoding = 4; lastKnownFileType = sourcecode.c.h; path = MoviesViewController.h; sourceTree = "<group>"; };
		41CB794D1A8493E8004C06A5 /* MoviesViewController.m */ = {isa = PBXFileReference; fileEncoding = 4; lastKnownFileType = sourcecode.c.objc; path = MoviesViewController.m; sourceTree = "<group>"; };
		41CB794E1A8493E8004C06A5 /* MoviesViewController.xib */ = {isa = PBXFileReference; fileEncoding = 4; lastKnownFileType = file.xib; path = MoviesViewController.xib; sourceTree = "<group>"; };
		41CB79511A858716004C06A5 /* SaratUtils.h */ = {isa = PBXFileReference; fileEncoding = 4; lastKnownFileType = sourcecode.c.h; path = SaratUtils.h; sourceTree = "<group>"; };
		41CB79521A858716004C06A5 /* SaratUtils.m */ = {isa = PBXFileReference; fileEncoding = 4; lastKnownFileType = sourcecode.c.objc; path = SaratUtils.m; sourceTree = "<group>"; };
		649484B97697B7C93AC704AD /* Pods.debug.xcconfig */ = {isa = PBXFileReference; includeInIndex = 1; lastKnownFileType = text.xcconfig; name = Pods.debug.xcconfig; path = "Pods/Target Support Files/Pods/Pods.debug.xcconfig"; sourceTree = "<group>"; };
		876D4A6B542AFF533C9CF8FF /* libPods.a */ = {isa = PBXFileReference; explicitFileType = archive.ar; includeInIndex = 0; path = libPods.a; sourceTree = BUILT_PRODUCTS_DIR; };
/* End PBXFileReference section */

/* Begin PBXFrameworksBuildPhase section */
		41CB79201A848E82004C06A5 /* Frameworks */ = {
			isa = PBXFrameworksBuildPhase;
			buildActionMask = 2147483647;
			files = (
				E52E35FE92373C6E07CF458C /* libPods.a in Frameworks */,
			);
			runOnlyForDeploymentPostprocessing = 0;
		};
		41CB79391A848E82004C06A5 /* Frameworks */ = {
			isa = PBXFrameworksBuildPhase;
			buildActionMask = 2147483647;
			files = (
			);
			runOnlyForDeploymentPostprocessing = 0;
		};
/* End PBXFrameworksBuildPhase section */

/* Begin PBXGroup section */
		41CB791A1A848E82004C06A5 = {
			isa = PBXGroup;
			children = (
				41CB79251A848E82004C06A5 /* Rotten Tomatoes */,
				41CB793F1A848E82004C06A5 /* Rotten TomatoesTests */,
				41CB79241A848E82004C06A5 /* Products */,
				B06B54863AF0967D78AC1B78 /* Pods */,
				6CF897BC1AA81E605359EF0B /* Frameworks */,
			);
			sourceTree = "<group>";
		};
		41CB79241A848E82004C06A5 /* Products */ = {
			isa = PBXGroup;
			children = (
				41CB79231A848E82004C06A5 /* Rotten Tomatoes.app */,
				41CB793C1A848E82004C06A5 /* Rotten TomatoesTests.xctest */,
			);
			name = Products;
			sourceTree = "<group>";
		};
		41CB79251A848E82004C06A5 /* Rotten Tomatoes */ = {
			isa = PBXGroup;
			children = (
				41BC84121A85DD4B00337F35 /* MovieDetailViewController.h */,
				41BC84131A85DD4B00337F35 /* MovieDetailViewController.m */,
				41BC84141A85DD4B00337F35 /* MovieDetailViewController.xib */,
				41CB794C1A8493E8004C06A5 /* MoviesViewController.h */,
				41CB794D1A8493E8004C06A5 /* MoviesViewController.m */,
				41CB794E1A8493E8004C06A5 /* MoviesViewController.xib */,
				41CB792A1A848E82004C06A5 /* AppDelegate.h */,
				41CB792B1A848E82004C06A5 /* AppDelegate.m */,
				41CB79511A858716004C06A5 /* SaratUtils.h */,
				41CB79521A858716004C06A5 /* SaratUtils.m */,
				41BC84041A85CEAC00337F35 /* MovieTableViewCell.h */,
				41BC84051A85CEAC00337F35 /* MovieTableViewCell.m */,
				41BC84061A85CEAC00337F35 /* MovieTableViewCell.xib */,
				41CB79331A848E82004C06A5 /* Images.xcassets */,
				41CB79351A848E82004C06A5 /* LaunchScreen.xib */,
				41CB79261A848E82004C06A5 /* Supporting Files */,
			);
			path = "Rotten Tomatoes";
			sourceTree = "<group>";
		};
		41CB79261A848E82004C06A5 /* Supporting Files */ = {
			isa = PBXGroup;
			children = (
				41CB79271A848E82004C06A5 /* Info.plist */,
				41CB79281A848E82004C06A5 /* main.m */,
			);
			name = "Supporting Files";
			sourceTree = "<group>";
		};
		41CB793F1A848E82004C06A5 /* Rotten TomatoesTests */ = {
			isa = PBXGroup;
			children = (
				41CB79421A848E82004C06A5 /* Rotten_TomatoesTests.m */,
				41CB79401A848E82004C06A5 /* Supporting Files */,
			);
			path = "Rotten TomatoesTests";
			sourceTree = "<group>";
		};
		41CB79401A848E82004C06A5 /* Supporting Files */ = {
			isa = PBXGroup;
			children = (
				41CB79411A848E82004C06A5 /* Info.plist */,
			);
			name = "Supporting Files";
			sourceTree = "<group>";
		};
		6CF897BC1AA81E605359EF0B /* Frameworks */ = {
			isa = PBXGroup;
			children = (
				876D4A6B542AFF533C9CF8FF /* libPods.a */,
			);
			name = Frameworks;
			sourceTree = "<group>";
		};
		B06B54863AF0967D78AC1B78 /* Pods */ = {
			isa = PBXGroup;
			children = (
				649484B97697B7C93AC704AD /* Pods.debug.xcconfig */,
				404A1A926FD63A3354EE776D /* Pods.release.xcconfig */,
			);
			name = Pods;
			sourceTree = "<group>";
		};
/* End PBXGroup section */

/* Begin PBXNativeTarget section */
		41CB79221A848E82004C06A5 /* Rotten Tomatoes */ = {
			isa = PBXNativeTarget;
			buildConfigurationList = 41CB79461A848E82004C06A5 /* Build configuration list for PBXNativeTarget "Rotten Tomatoes" */;
			buildPhases = (
				E6A888CF52E0F7F7DC66F60A /* Check Pods Manifest.lock */,
				41CB791F1A848E82004C06A5 /* Sources */,
				41CB79201A848E82004C06A5 /* Frameworks */,
				41CB79211A848E82004C06A5 /* Resources */,
				73534C1016228E28EDC8DB46 /* Copy Pods Resources */,
			);
			buildRules = (
			);
			dependencies = (
			);
			name = "Rotten Tomatoes";
			productName = "Rotten Tomatoes";
			productReference = 41CB79231A848E82004C06A5 /* Rotten Tomatoes.app */;
			productType = "com.apple.product-type.application";
		};
		41CB793B1A848E82004C06A5 /* Rotten TomatoesTests */ = {
			isa = PBXNativeTarget;
			buildConfigurationList = 41CB79491A848E82004C06A5 /* Build configuration list for PBXNativeTarget "Rotten TomatoesTests" */;
			buildPhases = (
				41CB79381A848E82004C06A5 /* Sources */,
				41CB79391A848E82004C06A5 /* Frameworks */,
				41CB793A1A848E82004C06A5 /* Resources */,
			);
			buildRules = (
			);
			dependencies = (
				41CB793E1A848E82004C06A5 /* PBXTargetDependency */,
			);
			name = "Rotten TomatoesTests";
			productName = "Rotten TomatoesTests";
			productReference = 41CB793C1A848E82004C06A5 /* Rotten TomatoesTests.xctest */;
			productType = "com.apple.product-type.bundle.unit-test";
		};
/* End PBXNativeTarget section */

/* Begin PBXProject section */
		41CB791B1A848E82004C06A5 /* Project object */ = {
			isa = PBXProject;
			attributes = {
				LastUpgradeCheck = 0610;
				ORGANIZATIONNAME = "Sarat Tallamraju";
				TargetAttributes = {
					41CB79221A848E82004C06A5 = {
						CreatedOnToolsVersion = 6.1.1;
					};
					41CB793B1A848E82004C06A5 = {
						CreatedOnToolsVersion = 6.1.1;
						TestTargetID = 41CB79221A848E82004C06A5;
					};
				};
			};
			buildConfigurationList = 41CB791E1A848E82004C06A5 /* Build configuration list for PBXProject "Rotten Tomatoes" */;
			compatibilityVersion = "Xcode 3.2";
			developmentRegion = English;
			hasScannedForEncodings = 0;
			knownRegions = (
				en,
				Base,
			);
			mainGroup = 41CB791A1A848E82004C06A5;
			productRefGroup = 41CB79241A848E82004C06A5 /* Products */;
			projectDirPath = "";
			projectRoot = "";
			targets = (
				41CB79221A848E82004C06A5 /* Rotten Tomatoes */,
				41CB793B1A848E82004C06A5 /* Rotten TomatoesTests */,
			);
		};
/* End PBXProject section */

/* Begin PBXResourcesBuildPhase section */
		41CB79211A848E82004C06A5 /* Resources */ = {
			isa = PBXResourcesBuildPhase;
			buildActionMask = 2147483647;
			files = (
				41BC84161A85DD4B00337F35 /* MovieDetailViewController.xib in Resources */,
				41CB79371A848E82004C06A5 /* LaunchScreen.xib in Resources */,
				41CB79501A8493E8004C06A5 /* MoviesViewController.xib in Resources */,
				41BC84081A85CEAC00337F35 /* MovieTableViewCell.xib in Resources */,
				41CB79341A848E82004C06A5 /* Images.xcassets in Resources */,
			);
			runOnlyForDeploymentPostprocessing = 0;
		};
		41CB793A1A848E82004C06A5 /* Resources */ = {
			isa = PBXResourcesBuildPhase;
			buildActionMask = 2147483647;
			files = (
			);
			runOnlyForDeploymentPostprocessing = 0;
		};
/* End PBXResourcesBuildPhase section */

/* Begin PBXShellScriptBuildPhase section */
		73534C1016228E28EDC8DB46 /* Copy Pods Resources */ = {
			isa = PBXShellScriptBuildPhase;
			buildActionMask = 2147483647;
			files = (
			);
			inputPaths = (
			);
			name = "Copy Pods Resources";
			outputPaths = (
			);
			runOnlyForDeploymentPostprocessing = 0;
			shellPath = /bin/sh;
			shellScript = "\"${SRCROOT}/Pods/Target Support Files/Pods/Pods-resources.sh\"\n";
			showEnvVarsInLog = 0;
		};
		E6A888CF52E0F7F7DC66F60A /* Check Pods Manifest.lock */ = {
			isa = PBXShellScriptBuildPhase;
			buildActionMask = 2147483647;
			files = (
			);
			inputPaths = (
			);
			name = "Check Pods Manifest.lock";
			outputPaths = (
			);
			runOnlyForDeploymentPostprocessing = 0;
			shellPath = /bin/sh;
			shellScript = "diff \"${PODS_ROOT}/../Podfile.lock\" \"${PODS_ROOT}/Manifest.lock\" > /dev/null\nif [[ $? != 0 ]] ; then\n    cat << EOM\nerror: The sandbox is not in sync with the Podfile.lock. Run 'pod install' or update your CocoaPods installation.\nEOM\n    exit 1\nfi\n";
			showEnvVarsInLog = 0;
		};
/* End PBXShellScriptBuildPhase section */

/* Begin PBXSourcesBuildPhase section */
		41CB791F1A848E82004C06A5 /* Sources */ = {
			isa = PBXSourcesBuildPhase;
			buildActionMask = 2147483647;
			files = (
				41BC84151A85DD4B00337F35 /* MovieDetailViewController.m in Sources */,
				41CB794F1A8493E8004C06A5 /* MoviesViewController.m in Sources */,
				41CB792C1A848E82004C06A5 /* AppDelegate.m in Sources */,
				41CB79291A848E82004C06A5 /* main.m in Sources */,
				41BC84071A85CEAC00337F35 /* MovieTableViewCell.m in Sources */,
				41CB79531A858716004C06A5 /* SaratUtils.m in Sources */,
			);
			runOnlyForDeploymentPostprocessing = 0;
		};
		41CB79381A848E82004C06A5 /* Sources */ = {
			isa = PBXSourcesBuildPhase;
			buildActionMask = 2147483647;
			files = (
				41CB79431A848E82004C06A5 /* Rotten_TomatoesTests.m in Sources */,
			);
			runOnlyForDeploymentPostprocessing = 0;
		};
/* End PBXSourcesBuildPhase section */

/* Begin PBXTargetDependency section */
		41CB793E1A848E82004C06A5 /* PBXTargetDependency */ = {
			isa = PBXTargetDependency;
			target = 41CB79221A848E82004C06A5 /* Rotten Tomatoes */;
			targetProxy = 41CB793D1A848E82004C06A5 /* PBXContainerItemProxy */;
		};
/* End PBXTargetDependency section */

/* Begin PBXVariantGroup section */
		41CB79351A848E82004C06A5 /* LaunchScreen.xib */ = {
			isa = PBXVariantGroup;
			children = (
				41CB79361A848E82004C06A5 /* Base */,
			);
			name = LaunchScreen.xib;
			sourceTree = "<group>";
		};
/* End PBXVariantGroup section */

/* Begin XCBuildConfiguration section */
		41CB79441A848E82004C06A5 /* Debug */ = {
			isa = XCBuildConfiguration;
			buildSettings = {
				ALWAYS_SEARCH_USER_PATHS = NO;
				CLANG_CXX_LANGUAGE_STANDARD = "gnu++0x";
				CLANG_CXX_LIBRARY = "libc++";
				CLANG_ENABLE_MODULES = YES;
				CLANG_ENABLE_OBJC_ARC = YES;
				CLANG_WARN_BOOL_CONVERSION = YES;
				CLANG_WARN_CONSTANT_CONVERSION = YES;
				CLANG_WARN_DIRECT_OBJC_ISA_USAGE = YES_ERROR;
				CLANG_WARN_EMPTY_BODY = YES;
				CLANG_WARN_ENUM_CONVERSION = YES;
				CLANG_WARN_INT_CONVERSION = YES;
				CLANG_WARN_OBJC_ROOT_CLASS = YES_ERROR;
				CLANG_WARN_UNREACHABLE_CODE = YES;
				CLANG_WARN__DUPLICATE_METHOD_MATCH = YES;
				"CODE_SIGN_IDENTITY[sdk=iphoneos*]" = "iPhone Developer";
				COPY_PHASE_STRIP = NO;
				ENABLE_STRICT_OBJC_MSGSEND = YES;
				GCC_C_LANGUAGE_STANDARD = gnu99;
				GCC_DYNAMIC_NO_PIC = NO;
				GCC_OPTIMIZATION_LEVEL = 0;
				GCC_PREPROCESSOR_DEFINITIONS = (
					"DEBUG=1",
					"$(inherited)",
				);
				GCC_SYMBOLS_PRIVATE_EXTERN = NO;
				GCC_WARN_64_TO_32_BIT_CONVERSION = YES;
				GCC_WARN_ABOUT_RETURN_TYPE = YES_ERROR;
				GCC_WARN_UNDECLARED_SELECTOR = YES;
				GCC_WARN_UNINITIALIZED_AUTOS = YES_AGGRESSIVE;
				GCC_WARN_UNUSED_FUNCTION = YES;
				GCC_WARN_UNUSED_VARIABLE = YES;
				IPHONEOS_DEPLOYMENT_TARGET = 8.1;
				MTL_ENABLE_DEBUG_INFO = YES;
				ONLY_ACTIVE_ARCH = YES;
				SDKROOT = iphoneos;
			};
			name = Debug;
		};
		41CB79451A848E82004C06A5 /* Release */ = {
			isa = XCBuildConfiguration;
			buildSettings = {
				ALWAYS_SEARCH_USER_PATHS = NO;
				CLANG_CXX_LANGUAGE_STANDARD = "gnu++0x";
				CLANG_CXX_LIBRARY = "libc++";
				CLANG_ENABLE_MODULES = YES;
				CLANG_ENABLE_OBJC_ARC = YES;
				CLANG_WARN_BOOL_CONVERSION = YES;
				CLANG_WARN_CONSTANT_CONVERSION = YES;
				CLANG_WARN_DIRECT_OBJC_ISA_USAGE = YES_ERROR;
				CLANG_WARN_EMPTY_BODY = YES;
				CLANG_WARN_ENUM_CONVERSION = YES;
				CLANG_WARN_INT_CONVERSION = YES;
				CLANG_WARN_OBJC_ROOT_CLASS = YES_ERROR;
				CLANG_WARN_UNREACHABLE_CODE = YES;
				CLANG_WARN__DUPLICATE_METHOD_MATCH = YES;
				"CODE_SIGN_IDENTITY[sdk=iphoneos*]" = "iPhone Developer";
				COPY_PHASE_STRIP = YES;
				ENABLE_NS_ASSERTIONS = NO;
				ENABLE_STRICT_OBJC_MSGSEND = YES;
				GCC_C_LANGUAGE_STANDARD = gnu99;
				GCC_WARN_64_TO_32_BIT_CONVERSION = YES;
				GCC_WARN_ABOUT_RETURN_TYPE = YES_ERROR;
				GCC_WARN_UNDECLARED_SELECTOR = YES;
				GCC_WARN_UNINITIALIZED_AUTOS = YES_AGGRESSIVE;
				GCC_WARN_UNUSED_FUNCTION = YES;
				GCC_WARN_UNUSED_VARIABLE = YES;
				IPHONEOS_DEPLOYMENT_TARGET = 8.1;
				MTL_ENABLE_DEBUG_INFO = NO;
				SDKROOT = iphoneos;
				VALIDATE_PRODUCT = YES;
			};
			name = Release;
		};
		41CB79471A848E82004C06A5 /* Debug */ = {
			isa = XCBuildConfiguration;
			baseConfigurationReference = 649484B97697B7C93AC704AD /* Pods.debug.xcconfig */;
			buildSettings = {
				ASSETCATALOG_COMPILER_APPICON_NAME = AppIcon;
				INFOPLIST_FILE = "Rotten Tomatoes/Info.plist";
				LD_RUNPATH_SEARCH_PATHS = "$(inherited) @executable_path/Frameworks";
				PRODUCT_NAME = "$(TARGET_NAME)";
			};
			name = Debug;
		};
		41CB79481A848E82004C06A5 /* Release */ = {
			isa = XCBuildConfiguration;
			baseConfigurationReference = 404A1A926FD63A3354EE776D /* Pods.release.xcconfig */;
			buildSettings = {
				ASSETCATALOG_COMPILER_APPICON_NAME = AppIcon;
				INFOPLIST_FILE = "Rotten Tomatoes/Info.plist";
				LD_RUNPATH_SEARCH_PATHS = "$(inherited) @executable_path/Frameworks";
				PRODUCT_NAME = "$(TARGET_NAME)";
			};
			name = Release;
		};
		41CB794A1A848E82004C06A5 /* Debug */ = {
			isa = XCBuildConfiguration;
			buildSettings = {
				BUNDLE_LOADER = "$(TEST_HOST)";
				FRAMEWORK_SEARCH_PATHS = (
					"$(SDKROOT)/Developer/Library/Frameworks",
					"$(inherited)",
				);
				GCC_PREPROCESSOR_DEFINITIONS = (
					"DEBUG=1",
					"$(inherited)",
				);
				INFOPLIST_FILE = "Rotten TomatoesTests/Info.plist";
				LD_RUNPATH_SEARCH_PATHS = "$(inherited) @executable_path/Frameworks @loader_path/Frameworks";
				PRODUCT_NAME = "$(TARGET_NAME)";
				TEST_HOST = "$(BUILT_PRODUCTS_DIR)/Rotten Tomatoes.app/Rotten Tomatoes";
			};
			name = Debug;
		};
		41CB794B1A848E82004C06A5 /* Release */ = {
			isa = XCBuildConfiguration;
			buildSettings = {
				BUNDLE_LOADER = "$(TEST_HOST)";
				FRAMEWORK_SEARCH_PATHS = (
					"$(SDKROOT)/Developer/Library/Frameworks",
					"$(inherited)",
				);
				INFOPLIST_FILE = "Rotten TomatoesTests/Info.plist";
				LD_RUNPATH_SEARCH_PATHS = "$(inherited) @executable_path/Frameworks @loader_path/Frameworks";
				PRODUCT_NAME = "$(TARGET_NAME)";
				TEST_HOST = "$(BUILT_PRODUCTS_DIR)/Rotten Tomatoes.app/Rotten Tomatoes";
			};
			name = Release;
		};
/* End XCBuildConfiguration section */

/* Begin XCConfigurationList section */
		41CB791E1A848E82004C06A5 /* Build configuration list for PBXProject "Rotten Tomatoes" */ = {
			isa = XCConfigurationList;
			buildConfigurations = (
				41CB79441A848E82004C06A5 /* Debug */,
				41CB79451A848E82004C06A5 /* Release */,
			);
			defaultConfigurationIsVisible = 0;
			defaultConfigurationName = Release;
		};
		41CB79461A848E82004C06A5 /* Build configuration list for PBXNativeTarget "Rotten Tomatoes" */ = {
			isa = XCConfigurationList;
			buildConfigurations = (
				41CB79471A848E82004C06A5 /* Debug */,
				41CB79481A848E82004C06A5 /* Release */,
			);
			defaultConfigurationIsVisible = 0;
			defaultConfigurationName = Release;
		};
		41CB79491A848E82004C06A5 /* Build configuration list for PBXNativeTarget "Rotten TomatoesTests" */ = {
			isa = XCConfigurationList;
			buildConfigurations = (
				41CB794A1A848E82004C06A5 /* Debug */,
				41CB794B1A848E82004C06A5 /* Release */,
			);
			defaultConfigurationIsVisible = 0;
			defaultConfigurationName = Release;
		};
/* End XCConfigurationList section */
	};
	rootObject = 41CB791B1A848E82004C06A5 /* Project object */;
}
